// !$*UTF8*$!
{
	archiveVersion = 1;
	classes = {
	};
	objectVersion = 55;
	objects = {

/* Begin PBXBuildFile section */
		1498D2341E8E89220040F4C2 /* GeneratedPluginRegistrant.m in Sources */ = {isa = PBXBuildFile; fileRef = 1498D2331E8E89220040F4C2 /* GeneratedPluginRegistrant.m */; };
		1B451DC43B3AEB1E3160BD7C /* Pods_Runner.framework in Frameworks */ = {isa = PBXBuildFile; fileRef = 0B6088EF7941B4028F8AFB42 /* Pods_Runner.framework */; };
		331C808B294A63AB00263BE5 /* RunnerTests.swift in Sources */ = {isa = PBXBuildFile; fileRef = 331C807B294A618700263BE5 /* RunnerTests.swift */; };
		3B3967161E833CAA004F5970 /* AppFrameworkInfo.plist in Resources */ = {isa = PBXBuildFile; fileRef = 3B3967151E833CAA004F5970 /* AppFrameworkInfo.plist */; };
		74858FAF1ED2DC5600515810 /* AppDelegate.swift in Sources */ = {isa = PBXBuildFile; fileRef = 74858FAE1ED2DC5600515810 /* AppDelegate.swift */; };
		97C146FC1CF9000F007C117D /* Main.storyboard in Resources */ = {isa = PBXBuildFile; fileRef = 97C146FA1CF9000F007C117D /* Main.storyboard */; };
		97C146FE1CF9000F007C117D /* Assets.xcassets in Resources */ = {isa = PBXBuildFile; fileRef = 97C146FD1CF9000F007C117D /* Assets.xcassets */; };
		97C147011CF9000F007C117D /* LaunchScreen.storyboard in Resources */ = {isa = PBXBuildFile; fileRef = 97C146FF1CF9000F007C117D /* LaunchScreen.storyboard */; };
		A806FB3C2CE5E52C00DEAFB5 /* Toast in Frameworks */ = {isa = PBXBuildFile; productRef = A806FB3B2CE5E52C00DEAFB5 /* Toast */; };
		A8CB07D62CA3FAD200163BF8 /* CreateButton.swift in Sources */ = {isa = PBXBuildFile; fileRef = A8CB07712CA3FAD200163BF8 /* CreateButton.swift */; };
		A8CB07D72CA3FAD200163BF8 /* DocumentPicker.swift in Sources */ = {isa = PBXBuildFile; fileRef = A8CB07722CA3FAD200163BF8 /* DocumentPicker.swift */; };
		A8CB07D82CA3FAD200163BF8 /* Extension  + Bundle.swift in Sources */ = {isa = PBXBuildFile; fileRef = A8CB07732CA3FAD200163BF8 /* Extension  + Bundle.swift */; };
		A8CB07D92CA3FAD200163BF8 /* Extension + Alert.swift in Sources */ = {isa = PBXBuildFile; fileRef = A8CB07742CA3FAD200163BF8 /* Extension + Alert.swift */; };
		A8CB07DA2CA3FAD200163BF8 /* Extension + Data.swift in Sources */ = {isa = PBXBuildFile; fileRef = A8CB07752CA3FAD200163BF8 /* Extension + Data.swift */; };
		A8CB07DB2CA3FAD200163BF8 /* Extension + UIButton.swift in Sources */ = {isa = PBXBuildFile; fileRef = A8CB07762CA3FAD200163BF8 /* Extension + UIButton.swift */; };
		A8CB07DC2CA3FAD200163BF8 /* Extension + UIColor.swift in Sources */ = {isa = PBXBuildFile; fileRef = A8CB07772CA3FAD200163BF8 /* Extension + UIColor.swift */; };
		A8CB07DD2CA3FAD200163BF8 /* Extension + UIFont.swift in Sources */ = {isa = PBXBuildFile; fileRef = A8CB07782CA3FAD200163BF8 /* Extension + UIFont.swift */; };
		A8CB07DE2CA3FAD200163BF8 /* Extension + UIScreen.swift in Sources */ = {isa = PBXBuildFile; fileRef = A8CB07792CA3FAD200163BF8 /* Extension + UIScreen.swift */; };
		A8CB07DF2CA3FAD200163BF8 /* ReaderPublicationContent.swift in Sources */ = {isa = PBXBuildFile; fileRef = A8CB077A2CA3FAD200163BF8 /* ReaderPublicationContent.swift */; };
		A8CB07E02CA3FAD200163BF8 /* Url + PublicationTyoe.swift in Sources */ = {isa = PBXBuildFile; fileRef = A8CB077B2CA3FAD200163BF8 /* Url + PublicationTyoe.swift */; };
		A8CB07E12CA3FAD200163BF8 /* ReaderListener.swift in Sources */ = {isa = PBXBuildFile; fileRef = A8CB077D2CA3FAD200163BF8 /* ReaderListener.swift */; };
		A8CB07E22CA3FAD200163BF8 /* ReaderViewOnSelectionChangedListener.swift in Sources */ = {isa = PBXBuildFile; fileRef = A8CB077E2CA3FAD200163BF8 /* ReaderViewOnSelectionChangedListener.swift */; };
		A8CB07E32CA3FAD200163BF8 /* ReaderViewOnVisibleContentChangedListener.swift in Sources */ = {isa = PBXBuildFile; fileRef = A8CB077F2CA3FAD200163BF8 /* ReaderViewOnVisibleContentChangedListener.swift */; };
		A8CB07E42CA3FAD200163BF8 /* Book+CoreDataClass.swift in Sources */ = {isa = PBXBuildFile; fileRef = A8CB07812CA3FAD200163BF8 /* Book+CoreDataClass.swift */; };
		A8CB07E52CA3FAD200163BF8 /* Book+CoreDataProperties.swift in Sources */ = {isa = PBXBuildFile; fileRef = A8CB07822CA3FAD200163BF8 /* Book+CoreDataProperties.swift */; };
		A8CB07E62CA3FAD200163BF8 /* Bookmark+CoreDataClass.swift in Sources */ = {isa = PBXBuildFile; fileRef = A8CB07832CA3FAD200163BF8 /* Bookmark+CoreDataClass.swift */; };
		A8CB07E72CA3FAD200163BF8 /* Bookmark+CoreDataProperties.swift in Sources */ = {isa = PBXBuildFile; fileRef = A8CB07842CA3FAD200163BF8 /* Bookmark+CoreDataProperties.swift */; };
		A8CB07E82CA3FAD200163BF8 /* FontFamilyStyle.swift in Sources */ = {isa = PBXBuildFile; fileRef = A8CB07852CA3FAD200163BF8 /* FontFamilyStyle.swift */; };
		A8CB07E92CA3FAD200163BF8 /* GetMetakey.swift in Sources */ = {isa = PBXBuildFile; fileRef = A8CB07862CA3FAD200163BF8 /* GetMetakey.swift */; };
		A8CB07EA2CA3FAD200163BF8 /* Highlight+CoreDataClass.swift in Sources */ = {isa = PBXBuildFile; fileRef = A8CB07872CA3FAD200163BF8 /* Highlight+CoreDataClass.swift */; };
		A8CB07EB2CA3FAD200163BF8 /* Highlight+CoreDataProperties.swift in Sources */ = {isa = PBXBuildFile; fileRef = A8CB07882CA3FAD200163BF8 /* Highlight+CoreDataProperties.swift */; };
		A8CB07EC2CA3FAD200163BF8 /* NavigationItem.swift in Sources */ = {isa = PBXBuildFile; fileRef = A8CB07892CA3FAD200163BF8 /* NavigationItem.swift */; };
		A8CB07ED2CA3FAD200163BF8 /* RecordedResponse.swift in Sources */ = {isa = PBXBuildFile; fileRef = A8CB078A2CA3FAD200163BF8 /* RecordedResponse.swift */; };
		A8CB07EE2CA3FAD200163BF8 /* RecordParameter.swift in Sources */ = {isa = PBXBuildFile; fileRef = A8CB078B2CA3FAD200163BF8 /* RecordParameter.swift */; };
		A8CB07EF2CA3FAD200163BF8 /* RecordParameterEpp.swift in Sources */ = {isa = PBXBuildFile; fileRef = A8CB078C2CA3FAD200163BF8 /* RecordParameterEpp.swift */; };
		A8CB07F02CA3FAD200163BF8 /* BookMarkTableViewCell.swift in Sources */ = {isa = PBXBuildFile; fileRef = A8CB078E2CA3FAD200163BF8 /* BookMarkTableViewCell.swift */; };
		A8CB07F12CA3FAD200163BF8 /* FontFamilyCell.swift in Sources */ = {isa = PBXBuildFile; fileRef = A8CB078F2CA3FAD200163BF8 /* FontFamilyCell.swift */; };
		A8CB07F22CA3FAD200163BF8 /* ReaderConfigurator.swift in Sources */ = {isa = PBXBuildFile; fileRef = A8CB07912CA3FAD200163BF8 /* ReaderConfigurator.swift */; };
		A8CB07F32CA3FAD200163BF8 /* BookManager.swift in Sources */ = {isa = PBXBuildFile; fileRef = A8CB07932CA3FAD200163BF8 /* BookManager.swift */; };
		A8CB07F42CA3FAD200163BF8 /* ReaderInteractor.swift in Sources */ = {isa = PBXBuildFile; fileRef = A8CB07952CA3FAD200163BF8 /* ReaderInteractor.swift */; };
		A8CB07F52CA3FAD200163BF8 /* ReaderPresenter.swift in Sources */ = {isa = PBXBuildFile; fileRef = A8CB07972CA3FAD200163BF8 /* ReaderPresenter.swift */; };
		A8CB07F62CA3FAD200163BF8 /* ReaderWorker.swift in Sources */ = {isa = PBXBuildFile; fileRef = A8CB07992CA3FAD200163BF8 /* ReaderWorker.swift */; };
		A8CB07F72CA3FAD200163BF8 /* ContentMenuViewController.swift in Sources */ = {isa = PBXBuildFile; fileRef = A8CB079B2CA3FAD200163BF8 /* ContentMenuViewController.swift */; };
		A8CB07F82CA3FAD200163BF8 /* Extension + ReaderView.swift in Sources */ = {isa = PBXBuildFile; fileRef = A8CB079C2CA3FAD200163BF8 /* Extension + ReaderView.swift */; };
		A8CB07F92CA3FAD200163BF8 /* FootnoteViewController.swift in Sources */ = {isa = PBXBuildFile; fileRef = A8CB079D2CA3FAD200163BF8 /* FootnoteViewController.swift */; };
		A8CB07FA2CA3FAD200163BF8 /* ReaderView.swift in Sources */ = {isa = PBXBuildFile; fileRef = A8CB079E2CA3FAD200163BF8 /* ReaderView.swift */; };
		A8CB07FB2CA3FAD200163BF8 /* SearchViewController.swift in Sources */ = {isa = PBXBuildFile; fileRef = A8CB079F2CA3FAD200163BF8 /* SearchViewController.swift */; };
		A8CB07FC2CA3FAD200163BF8 /* SettingReaderViewController.swift in Sources */ = {isa = PBXBuildFile; fileRef = A8CB07A02CA3FAD200163BF8 /* SettingReaderViewController.swift */; };
		A8CB07FD2CA3FAD200163BF8 /* TableOfContents.swift in Sources */ = {isa = PBXBuildFile; fileRef = A8CB07A12CA3FAD200163BF8 /* TableOfContents.swift */; };
		A8CB07FE2CA3FAD200163BF8 /* Runner copy-Info.plist in Resources */ = {isa = PBXBuildFile; fileRef = A8CB07A32CA3FAD200163BF8 /* Runner copy-Info.plist */; };
		A8CB07FF2CA3FAD200163BF8 /* georgia.ttf in Resources */ = {isa = PBXBuildFile; fileRef = A8CB07A52CA3FAD200163BF8 /* georgia.ttf */; };
		A8CB08002CA3FAD200163BF8 /* Literata.ttf in Resources */ = {isa = PBXBuildFile; fileRef = A8CB07A72CA3FAD200163BF8 /* Literata.ttf */; };
		A8CB08012CA3FAD200163BF8 /* Merriweather-Regular.ttf in Resources */ = {isa = PBXBuildFile; fileRef = A8CB07A92CA3FAD200163BF8 /* Merriweather-Regular.ttf */; };
		A8CB08022CA3FAD200163BF8 /* DummyReader.swift in Sources */ = {isa = PBXBuildFile; fileRef = A8CB07AB2CA3FAD200163BF8 /* DummyReader.swift */; };
		A8CB08032CA3FAD200163BF8 /* Eperpus.xcdatamodeld in Sources */ = {isa = PBXBuildFile; fileRef = A8CB07AC2CA3FAD200163BF8 /* Eperpus.xcdatamodeld */; };
		A8CB08042CA3FAD200163BF8 /* NetworkManager.swift in Sources */ = {isa = PBXBuildFile; fileRef = A8CB07AD2CA3FAD200163BF8 /* NetworkManager.swift */; };
		A8CB08052CA3FAD200163BF8 /* Nyoba.swift in Sources */ = {isa = PBXBuildFile; fileRef = A8CB07AE2CA3FAD200163BF8 /* Nyoba.swift */; };
		A8CB08062CA3FAD200163BF8 /* Nunito-Bold.ttf in Resources */ = {isa = PBXBuildFile; fileRef = A8CB07B02CA3FAD200163BF8 /* Nunito-Bold.ttf */; };
		A8CB08072CA3FAD200163BF8 /* Nunito-Medium.ttf in Resources */ = {isa = PBXBuildFile; fileRef = A8CB07B12CA3FAD200163BF8 /* Nunito-Medium.ttf */; };
		A8CB08082CA3FAD200163BF8 /* Nunito-Regular.ttf in Resources */ = {isa = PBXBuildFile; fileRef = A8CB07B22CA3FAD200163BF8 /* Nunito-Regular.ttf */; };
		A8CB08092CA3FAD200163BF8 /* Nunito-SemiBold.ttf in Resources */ = {isa = PBXBuildFile; fileRef = A8CB07B32CA3FAD200163BF8 /* Nunito-SemiBold.ttf */; };
		A8CB080A2CA3FAD200163BF8 /* OpenSans-Regular.ttf in Resources */ = {isa = PBXBuildFile; fileRef = A8CB07B52CA3FAD200163BF8 /* OpenSans-Regular.ttf */; };
		A8CB080B2CA3FAD200163BF8 /* Roboto-Regular.ttf in Resources */ = {isa = PBXBuildFile; fileRef = A8CB07B72CA3FAD200163BF8 /* Roboto-Regular.ttf */; };
		A8CB080C2CA3FAD200163BF8 /* SortsMillGoudy-Regular.ttf in Resources */ = {isa = PBXBuildFile; fileRef = A8CB07B92CA3FAD200163BF8 /* SortsMillGoudy-Regular.ttf */; };
		A8CB080D2CA3FAD200163BF8 /* Tinos-Regular.ttf in Resources */ = {isa = PBXBuildFile; fileRef = A8CB07BB2CA3FAD200163BF8 /* Tinos-Regular.ttf */; };
		A8CB080E2CA3FAD200163BF8 /* Vollkorn-VariableFont_wght.ttf in Resources */ = {isa = PBXBuildFile; fileRef = A8CB07BD2CA3FAD200163BF8 /* Vollkorn-VariableFont_wght.ttf */; };
		A8CB080F2CA3FAD200163BF8 /* ColibrioConfig.xcconfig in Resources */ = {isa = PBXBuildFile; fileRef = A8CB07BF2CA3FAD200163BF8 /* ColibrioConfig.xcconfig */; };
		A8CB08102CA3FAD200163BF8 /* CoredataBrain.swift in Sources */ = {isa = PBXBuildFile; fileRef = A8CB07C02CA3FAD200163BF8 /* CoredataBrain.swift */; };
		A8CB08112CA3FAD200163BF8 /* Extension  + UIView.swift in Sources */ = {isa = PBXBuildFile; fileRef = A8CB07C12CA3FAD200163BF8 /* Extension  + UIView.swift */; };
		A8CB08122CA3FAD200163BF8 /* Extension +  Double.swift in Sources */ = {isa = PBXBuildFile; fileRef = A8CB07C22CA3FAD200163BF8 /* Extension +  Double.swift */; };
		A8CB08132CA3FAD200163BF8 /* Extension + Textfield.swift in Sources */ = {isa = PBXBuildFile; fileRef = A8CB07C32CA3FAD200163BF8 /* Extension + Textfield.swift */; };
		A8CB08142CA3FAD200163BF8 /* Extension + TimeInterval.swift in Sources */ = {isa = PBXBuildFile; fileRef = A8CB07C42CA3FAD200163BF8 /* Extension + TimeInterval.swift */; };
		A8CB08152CA3FAD200163BF8 /* Extension + UIDevice.swift in Sources */ = {isa = PBXBuildFile; fileRef = A8CB07C52CA3FAD200163BF8 /* Extension + UIDevice.swift */; };
		A8CB08162CA3FAD200163BF8 /* UserShared.swift in Sources */ = {isa = PBXBuildFile; fileRef = A8CB07C62CA3FAD200163BF8 /* UserShared.swift */; };
		A8CB08172CA3FAD200163BF8 /* PDFReaderConfigurator.swift in Sources */ = {isa = PBXBuildFile; fileRef = A8CB07C92CA3FAD200163BF8 /* PDFReaderConfigurator.swift */; };
		A8CB08182CA3FAD200163BF8 /* PDFReaderInteractor.swift in Sources */ = {isa = PBXBuildFile; fileRef = A8CB07CB2CA3FAD200163BF8 /* PDFReaderInteractor.swift */; };
		A8CB08192CA3FAD200163BF8 /* PDFReaderPresenter.swift in Sources */ = {isa = PBXBuildFile; fileRef = A8CB07CD2CA3FAD200163BF8 /* PDFReaderPresenter.swift */; };
		A8CB081A2CA3FAD200163BF8 /* PDFReaderView.swift in Sources */ = {isa = PBXBuildFile; fileRef = A8CB07CF2CA3FAD200163BF8 /* PDFReaderView.swift */; };
		A8CB081B2CA3FAD200163BF8 /* PDFReaderWorker.swift in Sources */ = {isa = PBXBuildFile; fileRef = A8CB07D12CA3FAD200163BF8 /* PDFReaderWorker.swift */; };
		A8CB081C2CA3FAD200163BF8 /* DownloadManager.swift in Sources */ = {isa = PBXBuildFile; fileRef = A8CB07D42CA3FAD200163BF8 /* DownloadManager.swift */; };
		A8CB081E2CA402A400163BF8 /* eperpuslogo.png in Resources */ = {isa = PBXBuildFile; fileRef = A8CB081D2CA402A400163BF8 /* eperpuslogo.png */; };
		A8CB08262CA4115100163BF8 /* GoogleService-Info.plist in Resources */ = {isa = PBXBuildFile; fileRef = A8CB08252CA4115100163BF8 /* GoogleService-Info.plist */; };
		A8CB08282CA4120100163BF8 /* Assets.xcassets in Resources */ = {isa = PBXBuildFile; fileRef = A8CB08272CA4120100163BF8 /* Assets.xcassets */; };
		A8EEF6492CBE222C004A4114 /* ColibrioReader in Frameworks */ = {isa = PBXBuildFile; productRef = A8EEF6482CBE222C004A4114 /* ColibrioReader */; };
/* End PBXBuildFile section */

/* Begin PBXContainerItemProxy section */
		331C8085294A63A400263BE5 /* PBXContainerItemProxy */ = {
			isa = PBXContainerItemProxy;
			containerPortal = 97C146E61CF9000F007C117D /* Project object */;
			proxyType = 1;
			remoteGlobalIDString = 97C146ED1CF9000F007C117D;
			remoteInfo = Runner;
		};
/* End PBXContainerItemProxy section */

/* Begin PBXCopyFilesBuildPhase section */
		9705A1C41CF9048500538489 /* Embed Frameworks */ = {
			isa = PBXCopyFilesBuildPhase;
			buildActionMask = 2147483647;
			dstPath = "";
			dstSubfolderSpec = 10;
			files = (
			);
			name = "Embed Frameworks";
			runOnlyForDeploymentPostprocessing = 0;
		};
/* End PBXCopyFilesBuildPhase section */

/* Begin PBXFileReference section */
		0B6088EF7941B4028F8AFB42 /* Pods_Runner.framework */ = {isa = PBXFileReference; explicitFileType = wrapper.framework; includeInIndex = 0; path = Pods_Runner.framework; sourceTree = BUILT_PRODUCTS_DIR; };
		1498D2321E8E86230040F4C2 /* GeneratedPluginRegistrant.h */ = {isa = PBXFileReference; lastKnownFileType = sourcecode.c.h; path = GeneratedPluginRegistrant.h; sourceTree = "<group>"; };
		1498D2331E8E89220040F4C2 /* GeneratedPluginRegistrant.m */ = {isa = PBXFileReference; fileEncoding = 4; lastKnownFileType = sourcecode.c.objc; path = GeneratedPluginRegistrant.m; sourceTree = "<group>"; };
		257CD57A0DC8C1ADC1212BDE /* Pods-Runner.profile.xcconfig */ = {isa = PBXFileReference; includeInIndex = 1; lastKnownFileType = text.xcconfig; name = "Pods-Runner.profile.xcconfig"; path = "Target Support Files/Pods-Runner/Pods-Runner.profile.xcconfig"; sourceTree = "<group>"; };
		331C807B294A618700263BE5 /* RunnerTests.swift */ = {isa = PBXFileReference; lastKnownFileType = sourcecode.swift; path = RunnerTests.swift; sourceTree = "<group>"; };
		331C8081294A63A400263BE5 /* RunnerTests.xctest */ = {isa = PBXFileReference; explicitFileType = wrapper.cfbundle; includeInIndex = 0; path = RunnerTests.xctest; sourceTree = BUILT_PRODUCTS_DIR; };
		36252F55F07260E442BEE251 /* Pods-Runner.release.xcconfig */ = {isa = PBXFileReference; includeInIndex = 1; lastKnownFileType = text.xcconfig; name = "Pods-Runner.release.xcconfig"; path = "Target Support Files/Pods-Runner/Pods-Runner.release.xcconfig"; sourceTree = "<group>"; };
		3B3967151E833CAA004F5970 /* AppFrameworkInfo.plist */ = {isa = PBXFileReference; fileEncoding = 4; lastKnownFileType = text.plist.xml; name = AppFrameworkInfo.plist; path = Flutter/AppFrameworkInfo.plist; sourceTree = "<group>"; };
		74858FAD1ED2DC5600515810 /* Runner-Bridging-Header.h */ = {isa = PBXFileReference; lastKnownFileType = sourcecode.c.h; path = "Runner-Bridging-Header.h"; sourceTree = "<group>"; };
		74858FAE1ED2DC5600515810 /* AppDelegate.swift */ = {isa = PBXFileReference; fileEncoding = 4; lastKnownFileType = sourcecode.swift; path = AppDelegate.swift; sourceTree = "<group>"; };
		7AFA3C8E1D35360C0083082E /* Release.xcconfig */ = {isa = PBXFileReference; lastKnownFileType = text.xcconfig; name = Release.xcconfig; path = Flutter/Release.xcconfig; sourceTree = "<group>"; };
		7C9E84740E5ADED4278565D1 /* Pods-Runner.debug.xcconfig */ = {isa = PBXFileReference; includeInIndex = 1; lastKnownFileType = text.xcconfig; name = "Pods-Runner.debug.xcconfig"; path = "Target Support Files/Pods-Runner/Pods-Runner.debug.xcconfig"; sourceTree = "<group>"; };
		9740EEB21CF90195004384FC /* Debug.xcconfig */ = {isa = PBXFileReference; fileEncoding = 4; lastKnownFileType = text.xcconfig; name = Debug.xcconfig; path = Flutter/Debug.xcconfig; sourceTree = "<group>"; };
		9740EEB31CF90195004384FC /* Generated.xcconfig */ = {isa = PBXFileReference; fileEncoding = 4; lastKnownFileType = text.xcconfig; name = Generated.xcconfig; path = Flutter/Generated.xcconfig; sourceTree = "<group>"; };
		97C146EE1CF9000F007C117D /* Runner.app */ = {isa = PBXFileReference; explicitFileType = wrapper.application; includeInIndex = 0; path = Runner.app; sourceTree = BUILT_PRODUCTS_DIR; };
		97C146FB1CF9000F007C117D /* Base */ = {isa = PBXFileReference; lastKnownFileType = file.storyboard; name = Base; path = Base.lproj/Main.storyboard; sourceTree = "<group>"; };
		97C146FD1CF9000F007C117D /* Assets.xcassets */ = {isa = PBXFileReference; lastKnownFileType = folder.assetcatalog; path = Assets.xcassets; sourceTree = "<group>"; };
		97C147001CF9000F007C117D /* Base */ = {isa = PBXFileReference; lastKnownFileType = file.storyboard; name = Base; path = Base.lproj/LaunchScreen.storyboard; sourceTree = "<group>"; };
		97C147021CF9000F007C117D /* Info.plist */ = {isa = PBXFileReference; lastKnownFileType = text.plist.xml; path = Info.plist; sourceTree = "<group>"; };
		A8CB07712CA3FAD200163BF8 /* CreateButton.swift */ = {isa = PBXFileReference; fileEncoding = 4; lastKnownFileType = sourcecode.swift; path = CreateButton.swift; sourceTree = "<group>"; };
		A8CB07722CA3FAD200163BF8 /* DocumentPicker.swift */ = {isa = PBXFileReference; fileEncoding = 4; lastKnownFileType = sourcecode.swift; path = DocumentPicker.swift; sourceTree = "<group>"; };
		A8CB07732CA3FAD200163BF8 /* Extension  + Bundle.swift */ = {isa = PBXFileReference; fileEncoding = 4; lastKnownFileType = sourcecode.swift; path = "Extension  + Bundle.swift"; sourceTree = "<group>"; };
		A8CB07742CA3FAD200163BF8 /* Extension + Alert.swift */ = {isa = PBXFileReference; fileEncoding = 4; lastKnownFileType = sourcecode.swift; path = "Extension + Alert.swift"; sourceTree = "<group>"; };
		A8CB07752CA3FAD200163BF8 /* Extension + Data.swift */ = {isa = PBXFileReference; fileEncoding = 4; lastKnownFileType = sourcecode.swift; path = "Extension + Data.swift"; sourceTree = "<group>"; };
		A8CB07762CA3FAD200163BF8 /* Extension + UIButton.swift */ = {isa = PBXFileReference; fileEncoding = 4; lastKnownFileType = sourcecode.swift; path = "Extension + UIButton.swift"; sourceTree = "<group>"; };
		A8CB07772CA3FAD200163BF8 /* Extension + UIColor.swift */ = {isa = PBXFileReference; fileEncoding = 4; lastKnownFileType = sourcecode.swift; path = "Extension + UIColor.swift"; sourceTree = "<group>"; };
		A8CB07782CA3FAD200163BF8 /* Extension + UIFont.swift */ = {isa = PBXFileReference; fileEncoding = 4; lastKnownFileType = sourcecode.swift; path = "Extension + UIFont.swift"; sourceTree = "<group>"; };
		A8CB07792CA3FAD200163BF8 /* Extension + UIScreen.swift */ = {isa = PBXFileReference; fileEncoding = 4; lastKnownFileType = sourcecode.swift; path = "Extension + UIScreen.swift"; sourceTree = "<group>"; };
		A8CB077A2CA3FAD200163BF8 /* ReaderPublicationContent.swift */ = {isa = PBXFileReference; fileEncoding = 4; lastKnownFileType = sourcecode.swift; path = ReaderPublicationContent.swift; sourceTree = "<group>"; };
		A8CB077B2CA3FAD200163BF8 /* Url + PublicationTyoe.swift */ = {isa = PBXFileReference; fileEncoding = 4; lastKnownFileType = sourcecode.swift; path = "Url + PublicationTyoe.swift"; sourceTree = "<group>"; };
		A8CB077D2CA3FAD200163BF8 /* ReaderListener.swift */ = {isa = PBXFileReference; fileEncoding = 4; lastKnownFileType = sourcecode.swift; path = ReaderListener.swift; sourceTree = "<group>"; };
		A8CB077E2CA3FAD200163BF8 /* ReaderViewOnSelectionChangedListener.swift */ = {isa = PBXFileReference; fileEncoding = 4; lastKnownFileType = sourcecode.swift; path = ReaderViewOnSelectionChangedListener.swift; sourceTree = "<group>"; };
		A8CB077F2CA3FAD200163BF8 /* ReaderViewOnVisibleContentChangedListener.swift */ = {isa = PBXFileReference; fileEncoding = 4; lastKnownFileType = sourcecode.swift; path = ReaderViewOnVisibleContentChangedListener.swift; sourceTree = "<group>"; };
		A8CB07812CA3FAD200163BF8 /* Book+CoreDataClass.swift */ = {isa = PBXFileReference; fileEncoding = 4; lastKnownFileType = sourcecode.swift; path = "Book+CoreDataClass.swift"; sourceTree = "<group>"; };
		A8CB07822CA3FAD200163BF8 /* Book+CoreDataProperties.swift */ = {isa = PBXFileReference; fileEncoding = 4; lastKnownFileType = sourcecode.swift; path = "Book+CoreDataProperties.swift"; sourceTree = "<group>"; };
		A8CB07832CA3FAD200163BF8 /* Bookmark+CoreDataClass.swift */ = {isa = PBXFileReference; fileEncoding = 4; lastKnownFileType = sourcecode.swift; path = "Bookmark+CoreDataClass.swift"; sourceTree = "<group>"; };
		A8CB07842CA3FAD200163BF8 /* Bookmark+CoreDataProperties.swift */ = {isa = PBXFileReference; fileEncoding = 4; lastKnownFileType = sourcecode.swift; path = "Bookmark+CoreDataProperties.swift"; sourceTree = "<group>"; };
		A8CB07852CA3FAD200163BF8 /* FontFamilyStyle.swift */ = {isa = PBXFileReference; fileEncoding = 4; lastKnownFileType = sourcecode.swift; path = FontFamilyStyle.swift; sourceTree = "<group>"; };
		A8CB07862CA3FAD200163BF8 /* GetMetakey.swift */ = {isa = PBXFileReference; fileEncoding = 4; lastKnownFileType = sourcecode.swift; path = GetMetakey.swift; sourceTree = "<group>"; };
		A8CB07872CA3FAD200163BF8 /* Highlight+CoreDataClass.swift */ = {isa = PBXFileReference; fileEncoding = 4; lastKnownFileType = sourcecode.swift; path = "Highlight+CoreDataClass.swift"; sourceTree = "<group>"; };
		A8CB07882CA3FAD200163BF8 /* Highlight+CoreDataProperties.swift */ = {isa = PBXFileReference; fileEncoding = 4; lastKnownFileType = sourcecode.swift; path = "Highlight+CoreDataProperties.swift"; sourceTree = "<group>"; };
		A8CB07892CA3FAD200163BF8 /* NavigationItem.swift */ = {isa = PBXFileReference; fileEncoding = 4; lastKnownFileType = sourcecode.swift; path = NavigationItem.swift; sourceTree = "<group>"; };
		A8CB078A2CA3FAD200163BF8 /* RecordedResponse.swift */ = {isa = PBXFileReference; fileEncoding = 4; lastKnownFileType = sourcecode.swift; path = RecordedResponse.swift; sourceTree = "<group>"; };
		A8CB078B2CA3FAD200163BF8 /* RecordParameter.swift */ = {isa = PBXFileReference; fileEncoding = 4; lastKnownFileType = sourcecode.swift; path = RecordParameter.swift; sourceTree = "<group>"; };
		A8CB078C2CA3FAD200163BF8 /* RecordParameterEpp.swift */ = {isa = PBXFileReference; fileEncoding = 4; lastKnownFileType = sourcecode.swift; path = RecordParameterEpp.swift; sourceTree = "<group>"; };
		A8CB078E2CA3FAD200163BF8 /* BookMarkTableViewCell.swift */ = {isa = PBXFileReference; fileEncoding = 4; lastKnownFileType = sourcecode.swift; path = BookMarkTableViewCell.swift; sourceTree = "<group>"; };
		A8CB078F2CA3FAD200163BF8 /* FontFamilyCell.swift */ = {isa = PBXFileReference; fileEncoding = 4; lastKnownFileType = sourcecode.swift; path = FontFamilyCell.swift; sourceTree = "<group>"; };
		A8CB07912CA3FAD200163BF8 /* ReaderConfigurator.swift */ = {isa = PBXFileReference; fileEncoding = 4; lastKnownFileType = sourcecode.swift; path = ReaderConfigurator.swift; sourceTree = "<group>"; };
		A8CB07932CA3FAD200163BF8 /* BookManager.swift */ = {isa = PBXFileReference; fileEncoding = 4; lastKnownFileType = sourcecode.swift; path = BookManager.swift; sourceTree = "<group>"; };
		A8CB07952CA3FAD200163BF8 /* ReaderInteractor.swift */ = {isa = PBXFileReference; fileEncoding = 4; lastKnownFileType = sourcecode.swift; path = ReaderInteractor.swift; sourceTree = "<group>"; };
		A8CB07972CA3FAD200163BF8 /* ReaderPresenter.swift */ = {isa = PBXFileReference; fileEncoding = 4; lastKnownFileType = sourcecode.swift; path = ReaderPresenter.swift; sourceTree = "<group>"; };
		A8CB07992CA3FAD200163BF8 /* ReaderWorker.swift */ = {isa = PBXFileReference; fileEncoding = 4; lastKnownFileType = sourcecode.swift; path = ReaderWorker.swift; sourceTree = "<group>"; };
		A8CB079B2CA3FAD200163BF8 /* ContentMenuViewController.swift */ = {isa = PBXFileReference; fileEncoding = 4; lastKnownFileType = sourcecode.swift; path = ContentMenuViewController.swift; sourceTree = "<group>"; };
		A8CB079C2CA3FAD200163BF8 /* Extension + ReaderView.swift */ = {isa = PBXFileReference; fileEncoding = 4; lastKnownFileType = sourcecode.swift; path = "Extension + ReaderView.swift"; sourceTree = "<group>"; };
		A8CB079D2CA3FAD200163BF8 /* FootnoteViewController.swift */ = {isa = PBXFileReference; fileEncoding = 4; lastKnownFileType = sourcecode.swift; path = FootnoteViewController.swift; sourceTree = "<group>"; };
		A8CB079E2CA3FAD200163BF8 /* ReaderView.swift */ = {isa = PBXFileReference; fileEncoding = 4; lastKnownFileType = sourcecode.swift; path = ReaderView.swift; sourceTree = "<group>"; };
		A8CB079F2CA3FAD200163BF8 /* SearchViewController.swift */ = {isa = PBXFileReference; fileEncoding = 4; lastKnownFileType = sourcecode.swift; path = SearchViewController.swift; sourceTree = "<group>"; };
		A8CB07A02CA3FAD200163BF8 /* SettingReaderViewController.swift */ = {isa = PBXFileReference; fileEncoding = 4; lastKnownFileType = sourcecode.swift; path = SettingReaderViewController.swift; sourceTree = "<group>"; };
		A8CB07A12CA3FAD200163BF8 /* TableOfContents.swift */ = {isa = PBXFileReference; fileEncoding = 4; lastKnownFileType = sourcecode.swift; path = TableOfContents.swift; sourceTree = "<group>"; };
		A8CB07A32CA3FAD200163BF8 /* Runner copy-Info.plist */ = {isa = PBXFileReference; fileEncoding = 4; lastKnownFileType = text.plist.xml; path = "Runner copy-Info.plist"; sourceTree = "<group>"; };
		A8CB07A52CA3FAD200163BF8 /* georgia.ttf */ = {isa = PBXFileReference; lastKnownFileType = file; path = georgia.ttf; sourceTree = "<group>"; };
		A8CB07A72CA3FAD200163BF8 /* Literata.ttf */ = {isa = PBXFileReference; lastKnownFileType = file; path = Literata.ttf; sourceTree = "<group>"; };
		A8CB07A92CA3FAD200163BF8 /* Merriweather-Regular.ttf */ = {isa = PBXFileReference; lastKnownFileType = file; path = "Merriweather-Regular.ttf"; sourceTree = "<group>"; };
		A8CB07AB2CA3FAD200163BF8 /* DummyReader.swift */ = {isa = PBXFileReference; fileEncoding = 4; lastKnownFileType = sourcecode.swift; path = DummyReader.swift; sourceTree = "<group>"; };
		A8CB07AD2CA3FAD200163BF8 /* NetworkManager.swift */ = {isa = PBXFileReference; fileEncoding = 4; lastKnownFileType = sourcecode.swift; path = NetworkManager.swift; sourceTree = "<group>"; };
		A8CB07AE2CA3FAD200163BF8 /* Nyoba.swift */ = {isa = PBXFileReference; fileEncoding = 4; lastKnownFileType = sourcecode.swift; path = Nyoba.swift; sourceTree = "<group>"; };
		A8CB07B02CA3FAD200163BF8 /* Nunito-Bold.ttf */ = {isa = PBXFileReference; lastKnownFileType = file; path = "Nunito-Bold.ttf"; sourceTree = "<group>"; };
		A8CB07B12CA3FAD200163BF8 /* Nunito-Medium.ttf */ = {isa = PBXFileReference; lastKnownFileType = file; path = "Nunito-Medium.ttf"; sourceTree = "<group>"; };
		A8CB07B22CA3FAD200163BF8 /* Nunito-Regular.ttf */ = {isa = PBXFileReference; lastKnownFileType = file; path = "Nunito-Regular.ttf"; sourceTree = "<group>"; };
		A8CB07B32CA3FAD200163BF8 /* Nunito-SemiBold.ttf */ = {isa = PBXFileReference; lastKnownFileType = file; path = "Nunito-SemiBold.ttf"; sourceTree = "<group>"; };
		A8CB07B52CA3FAD200163BF8 /* OpenSans-Regular.ttf */ = {isa = PBXFileReference; lastKnownFileType = file; path = "OpenSans-Regular.ttf"; sourceTree = "<group>"; };
		A8CB07B72CA3FAD200163BF8 /* Roboto-Regular.ttf */ = {isa = PBXFileReference; lastKnownFileType = file; path = "Roboto-Regular.ttf"; sourceTree = "<group>"; };
		A8CB07B92CA3FAD200163BF8 /* SortsMillGoudy-Regular.ttf */ = {isa = PBXFileReference; lastKnownFileType = file; path = "SortsMillGoudy-Regular.ttf"; sourceTree = "<group>"; };
		A8CB07BB2CA3FAD200163BF8 /* Tinos-Regular.ttf */ = {isa = PBXFileReference; lastKnownFileType = file; path = "Tinos-Regular.ttf"; sourceTree = "<group>"; };
		A8CB07BD2CA3FAD200163BF8 /* Vollkorn-VariableFont_wght.ttf */ = {isa = PBXFileReference; lastKnownFileType = file; path = "Vollkorn-VariableFont_wght.ttf"; sourceTree = "<group>"; };
		A8CB07BF2CA3FAD200163BF8 /* ColibrioConfig.xcconfig */ = {isa = PBXFileReference; fileEncoding = 4; lastKnownFileType = text.xcconfig; path = ColibrioConfig.xcconfig; sourceTree = "<group>"; };
		A8CB07C02CA3FAD200163BF8 /* CoredataBrain.swift */ = {isa = PBXFileReference; fileEncoding = 4; lastKnownFileType = sourcecode.swift; path = CoredataBrain.swift; sourceTree = "<group>"; };
		A8CB07C12CA3FAD200163BF8 /* Extension  + UIView.swift */ = {isa = PBXFileReference; fileEncoding = 4; lastKnownFileType = sourcecode.swift; path = "Extension  + UIView.swift"; sourceTree = "<group>"; };
		A8CB07C22CA3FAD200163BF8 /* Extension +  Double.swift */ = {isa = PBXFileReference; fileEncoding = 4; lastKnownFileType = sourcecode.swift; path = "Extension +  Double.swift"; sourceTree = "<group>"; };
		A8CB07C32CA3FAD200163BF8 /* Extension + Textfield.swift */ = {isa = PBXFileReference; fileEncoding = 4; lastKnownFileType = sourcecode.swift; path = "Extension + Textfield.swift"; sourceTree = "<group>"; };
		A8CB07C42CA3FAD200163BF8 /* Extension + TimeInterval.swift */ = {isa = PBXFileReference; fileEncoding = 4; lastKnownFileType = sourcecode.swift; path = "Extension + TimeInterval.swift"; sourceTree = "<group>"; };
		A8CB07C52CA3FAD200163BF8 /* Extension + UIDevice.swift */ = {isa = PBXFileReference; fileEncoding = 4; lastKnownFileType = sourcecode.swift; path = "Extension + UIDevice.swift"; sourceTree = "<group>"; };
		A8CB07C62CA3FAD200163BF8 /* UserShared.swift */ = {isa = PBXFileReference; fileEncoding = 4; lastKnownFileType = sourcecode.swift; path = UserShared.swift; sourceTree = "<group>"; };
		A8CB07C82CA3FAD200163BF8 /* Eperpus.xcdatamodel */ = {isa = PBXFileReference; lastKnownFileType = wrapper.xcdatamodel; path = Eperpus.xcdatamodel; sourceTree = "<group>"; };
		A8CB07C92CA3FAD200163BF8 /* PDFReaderConfigurator.swift */ = {isa = PBXFileReference; fileEncoding = 4; lastKnownFileType = sourcecode.swift; path = PDFReaderConfigurator.swift; sourceTree = "<group>"; };
		A8CB07CB2CA3FAD200163BF8 /* PDFReaderInteractor.swift */ = {isa = PBXFileReference; fileEncoding = 4; lastKnownFileType = sourcecode.swift; path = PDFReaderInteractor.swift; sourceTree = "<group>"; };
		A8CB07CD2CA3FAD200163BF8 /* PDFReaderPresenter.swift */ = {isa = PBXFileReference; fileEncoding = 4; lastKnownFileType = sourcecode.swift; path = PDFReaderPresenter.swift; sourceTree = "<group>"; };
		A8CB07CF2CA3FAD200163BF8 /* PDFReaderView.swift */ = {isa = PBXFileReference; fileEncoding = 4; lastKnownFileType = sourcecode.swift; path = PDFReaderView.swift; sourceTree = "<group>"; };
		A8CB07D12CA3FAD200163BF8 /* PDFReaderWorker.swift */ = {isa = PBXFileReference; fileEncoding = 4; lastKnownFileType = sourcecode.swift; path = PDFReaderWorker.swift; sourceTree = "<group>"; };
		A8CB07D42CA3FAD200163BF8 /* DownloadManager.swift */ = {isa = PBXFileReference; fileEncoding = 4; lastKnownFileType = sourcecode.swift; path = DownloadManager.swift; sourceTree = "<group>"; };
		A8CB081D2CA402A400163BF8 /* eperpuslogo.png */ = {isa = PBXFileReference; lastKnownFileType = image.png; name = eperpuslogo.png; path = ../../assets/icon_assets/eperpuslogo.png; sourceTree = "<group>"; };
		A8CB08252CA4115100163BF8 /* GoogleService-Info.plist */ = {isa = PBXFileReference; fileEncoding = 4; lastKnownFileType = text.plist.xml; path = "GoogleService-Info.plist"; sourceTree = "<group>"; };
		A8CB08272CA4120100163BF8 /* Assets.xcassets */ = {isa = PBXFileReference; lastKnownFileType = folder.assetcatalog; path = Assets.xcassets; sourceTree = "<group>"; };
/* End PBXFileReference section */

/* Begin PBXFrameworksBuildPhase section */
		97C146EB1CF9000F007C117D /* Frameworks */ = {
			isa = PBXFrameworksBuildPhase;
			buildActionMask = 2147483647;
			files = (
				A806FB3C2CE5E52C00DEAFB5 /* Toast in Frameworks */,
				1B451DC43B3AEB1E3160BD7C /* Pods_Runner.framework in Frameworks */,
				A8EEF6492CBE222C004A4114 /* ColibrioReader in Frameworks */,
			);
			runOnlyForDeploymentPostprocessing = 0;
		};
/* End PBXFrameworksBuildPhase section */

/* Begin PBXGroup section */
		037250B34865EBAEB808F089 /* Frameworks */ = {
			isa = PBXGroup;
			children = (
				0B6088EF7941B4028F8AFB42 /* Pods_Runner.framework */,
			);
			name = Frameworks;
			sourceTree = "<group>";
		};
		331C8082294A63A400263BE5 /* RunnerTests */ = {
			isa = PBXGroup;
			children = (
				331C807B294A618700263BE5 /* RunnerTests.swift */,
			);
			path = RunnerTests;
			sourceTree = "<group>";
		};
		96F4D82BCDE6F3D61C6DD832 /* Pods */ = {
			isa = PBXGroup;
			children = (
				7C9E84740E5ADED4278565D1 /* Pods-Runner.debug.xcconfig */,
				36252F55F07260E442BEE251 /* Pods-Runner.release.xcconfig */,
				257CD57A0DC8C1ADC1212BDE /* Pods-Runner.profile.xcconfig */,
			);
			path = Pods;
			sourceTree = "<group>";
		};
		9740EEB11CF90186004384FC /* Flutter */ = {
			isa = PBXGroup;
			children = (
				3B3967151E833CAA004F5970 /* AppFrameworkInfo.plist */,
				9740EEB21CF90195004384FC /* Debug.xcconfig */,
				7AFA3C8E1D35360C0083082E /* Release.xcconfig */,
				9740EEB31CF90195004384FC /* Generated.xcconfig */,
			);
			name = Flutter;
			sourceTree = "<group>";
		};
		97C146E51CF9000F007C117D = {
			isa = PBXGroup;
			children = (
				9740EEB11CF90186004384FC /* Flutter */,
				97C146F01CF9000F007C117D /* Runner */,
				97C146EF1CF9000F007C117D /* Products */,
				331C8082294A63A400263BE5 /* RunnerTests */,
				96F4D82BCDE6F3D61C6DD832 /* Pods */,
				037250B34865EBAEB808F089 /* Frameworks */,
			);
			sourceTree = "<group>";
		};
		97C146EF1CF9000F007C117D /* Products */ = {
			isa = PBXGroup;
			children = (
				97C146EE1CF9000F007C117D /* Runner.app */,
				331C8081294A63A400263BE5 /* RunnerTests.xctest */,
			);
			name = Products;
			sourceTree = "<group>";
		};
		97C146F01CF9000F007C117D /* Runner */ = {
			isa = PBXGroup;
			children = (
				A8CB08272CA4120100163BF8 /* Assets.xcassets */,
				A8CB08252CA4115100163BF8 /* GoogleService-Info.plist */,
				A8CB081D2CA402A400163BF8 /* eperpuslogo.png */,
				A8CB07A42CA3FAD200163BF8 /* ColibrioReader */,
				A8CB07D52CA3FAD200163BF8 /* Dowload */,
				A8CB07D32CA3FAD200163BF8 /* PDFReader */,
				A8CB07C72CA3FAD200163BF8 /* Resources */,
				97C146FA1CF9000F007C117D /* Main.storyboard */,
				97C146FD1CF9000F007C117D /* Assets.xcassets */,
				97C146FF1CF9000F007C117D /* LaunchScreen.storyboard */,
				97C147021CF9000F007C117D /* Info.plist */,
				1498D2321E8E86230040F4C2 /* GeneratedPluginRegistrant.h */,
				1498D2331E8E89220040F4C2 /* GeneratedPluginRegistrant.m */,
				74858FAE1ED2DC5600515810 /* AppDelegate.swift */,
				74858FAD1ED2DC5600515810 /* Runner-Bridging-Header.h */,
			);
			path = Runner;
			sourceTree = "<group>";
		};
		A8CB077C2CA3FAD200163BF8 /* Extension */ = {
			isa = PBXGroup;
			children = (
				A8CB07712CA3FAD200163BF8 /* CreateButton.swift */,
				A8CB07722CA3FAD200163BF8 /* DocumentPicker.swift */,
				A8CB07732CA3FAD200163BF8 /* Extension  + Bundle.swift */,
				A8CB07742CA3FAD200163BF8 /* Extension + Alert.swift */,
				A8CB07752CA3FAD200163BF8 /* Extension + Data.swift */,
				A8CB07762CA3FAD200163BF8 /* Extension + UIButton.swift */,
				A8CB07772CA3FAD200163BF8 /* Extension + UIColor.swift */,
				A8CB07782CA3FAD200163BF8 /* Extension + UIFont.swift */,
				A8CB07792CA3FAD200163BF8 /* Extension + UIScreen.swift */,
				A8CB077A2CA3FAD200163BF8 /* ReaderPublicationContent.swift */,
				A8CB077B2CA3FAD200163BF8 /* Url + PublicationTyoe.swift */,
			);
			path = Extension;
			sourceTree = "<group>";
		};
		A8CB07802CA3FAD200163BF8 /* Listener */ = {
			isa = PBXGroup;
			children = (
				A8CB077D2CA3FAD200163BF8 /* ReaderListener.swift */,
				A8CB077E2CA3FAD200163BF8 /* ReaderViewOnSelectionChangedListener.swift */,
				A8CB077F2CA3FAD200163BF8 /* ReaderViewOnVisibleContentChangedListener.swift */,
			);
			path = Listener;
			sourceTree = "<group>";
		};
		A8CB078D2CA3FAD200163BF8 /* Model */ = {
			isa = PBXGroup;
			children = (
				A8CB07812CA3FAD200163BF8 /* Book+CoreDataClass.swift */,
				A8CB07822CA3FAD200163BF8 /* Book+CoreDataProperties.swift */,
				A8CB07832CA3FAD200163BF8 /* Bookmark+CoreDataClass.swift */,
				A8CB07842CA3FAD200163BF8 /* Bookmark+CoreDataProperties.swift */,
				A8CB07852CA3FAD200163BF8 /* FontFamilyStyle.swift */,
				A8CB07862CA3FAD200163BF8 /* GetMetakey.swift */,
				A8CB07872CA3FAD200163BF8 /* Highlight+CoreDataClass.swift */,
				A8CB07882CA3FAD200163BF8 /* Highlight+CoreDataProperties.swift */,
				A8CB07892CA3FAD200163BF8 /* NavigationItem.swift */,
				A8CB078A2CA3FAD200163BF8 /* RecordedResponse.swift */,
				A8CB078B2CA3FAD200163BF8 /* RecordParameter.swift */,
				A8CB078C2CA3FAD200163BF8 /* RecordParameterEpp.swift */,
			);
			path = Model;
			sourceTree = "<group>";
		};
		A8CB07902CA3FAD200163BF8 /* Component */ = {
			isa = PBXGroup;
			children = (
				A8CB078E2CA3FAD200163BF8 /* BookMarkTableViewCell.swift */,
				A8CB078F2CA3FAD200163BF8 /* FontFamilyCell.swift */,
			);
			path = Component;
			sourceTree = "<group>";
		};
		A8CB07922CA3FAD200163BF8 /* Configurator */ = {
			isa = PBXGroup;
			children = (
				A8CB07912CA3FAD200163BF8 /* ReaderConfigurator.swift */,
			);
			path = Configurator;
			sourceTree = "<group>";
		};
		A8CB07942CA3FAD200163BF8 /* CoreData */ = {
			isa = PBXGroup;
			children = (
				A8CB07932CA3FAD200163BF8 /* BookManager.swift */,
			);
			path = CoreData;
			sourceTree = "<group>";
		};
		A8CB07962CA3FAD200163BF8 /* Interactor */ = {
			isa = PBXGroup;
			children = (
				A8CB07952CA3FAD200163BF8 /* ReaderInteractor.swift */,
			);
			path = Interactor;
			sourceTree = "<group>";
		};
		A8CB07982CA3FAD200163BF8 /* Presenter */ = {
			isa = PBXGroup;
			children = (
				A8CB07972CA3FAD200163BF8 /* ReaderPresenter.swift */,
			);
			path = Presenter;
			sourceTree = "<group>";
		};
		A8CB079A2CA3FAD200163BF8 /* Worker */ = {
			isa = PBXGroup;
			children = (
				A8CB07992CA3FAD200163BF8 /* ReaderWorker.swift */,
			);
			path = Worker;
			sourceTree = "<group>";
		};
		A8CB07A22CA3FAD200163BF8 /* View */ = {
			isa = PBXGroup;
			children = (
				A8CB07902CA3FAD200163BF8 /* Component */,
				A8CB07922CA3FAD200163BF8 /* Configurator */,
				A8CB07942CA3FAD200163BF8 /* CoreData */,
				A8CB07962CA3FAD200163BF8 /* Interactor */,
				A8CB07982CA3FAD200163BF8 /* Presenter */,
				A8CB079A2CA3FAD200163BF8 /* Worker */,
				A8CB079B2CA3FAD200163BF8 /* ContentMenuViewController.swift */,
				A8CB079C2CA3FAD200163BF8 /* Extension + ReaderView.swift */,
				A8CB079D2CA3FAD200163BF8 /* FootnoteViewController.swift */,
				A8CB079E2CA3FAD200163BF8 /* ReaderView.swift */,
				A8CB079F2CA3FAD200163BF8 /* SearchViewController.swift */,
				A8CB07A02CA3FAD200163BF8 /* SettingReaderViewController.swift */,
				A8CB07A12CA3FAD200163BF8 /* TableOfContents.swift */,
			);
			path = View;
			sourceTree = "<group>";
		};
		A8CB07A42CA3FAD200163BF8 /* ColibrioReader */ = {
			isa = PBXGroup;
			children = (
				A8CB077C2CA3FAD200163BF8 /* Extension */,
				A8CB07802CA3FAD200163BF8 /* Listener */,
				A8CB078D2CA3FAD200163BF8 /* Model */,
				A8CB07A22CA3FAD200163BF8 /* View */,
				A8CB07A32CA3FAD200163BF8 /* Runner copy-Info.plist */,
			);
			path = ColibrioReader;
			sourceTree = "<group>";
		};
		A8CB07A62CA3FAD200163BF8 /* Georgian */ = {
			isa = PBXGroup;
			children = (
				A8CB07A52CA3FAD200163BF8 /* georgia.ttf */,
			);
			path = Georgian;
			sourceTree = "<group>";
		};
		A8CB07A82CA3FAD200163BF8 /* Literata */ = {
			isa = PBXGroup;
			children = (
				A8CB07A72CA3FAD200163BF8 /* Literata.ttf */,
			);
			path = Literata;
			sourceTree = "<group>";
		};
		A8CB07AA2CA3FAD200163BF8 /* Merriweather */ = {
			isa = PBXGroup;
			children = (
				A8CB07A92CA3FAD200163BF8 /* Merriweather-Regular.ttf */,
			);
			path = Merriweather;
			sourceTree = "<group>";
		};
		A8CB07AF2CA3FAD200163BF8 /* New Group */ = {
			isa = PBXGroup;
			children = (
				A8CB07AB2CA3FAD200163BF8 /* DummyReader.swift */,
				A8CB07AC2CA3FAD200163BF8 /* Eperpus.xcdatamodeld */,
				A8CB07AD2CA3FAD200163BF8 /* NetworkManager.swift */,
				A8CB07AE2CA3FAD200163BF8 /* Nyoba.swift */,
			);
			path = "New Group";
			sourceTree = "<group>";
		};
		A8CB07B42CA3FAD200163BF8 /* Nunito */ = {
			isa = PBXGroup;
			children = (
				A8CB07B02CA3FAD200163BF8 /* Nunito-Bold.ttf */,
				A8CB07B12CA3FAD200163BF8 /* Nunito-Medium.ttf */,
				A8CB07B22CA3FAD200163BF8 /* Nunito-Regular.ttf */,
				A8CB07B32CA3FAD200163BF8 /* Nunito-SemiBold.ttf */,
			);
			path = Nunito;
			sourceTree = "<group>";
		};
		A8CB07B62CA3FAD200163BF8 /* OpenSans */ = {
			isa = PBXGroup;
			children = (
				A8CB07B52CA3FAD200163BF8 /* OpenSans-Regular.ttf */,
			);
			path = OpenSans;
			sourceTree = "<group>";
		};
		A8CB07B82CA3FAD200163BF8 /* Roboto */ = {
			isa = PBXGroup;
			children = (
				A8CB07B72CA3FAD200163BF8 /* Roboto-Regular.ttf */,
			);
			path = Roboto;
			sourceTree = "<group>";
		};
		A8CB07BA2CA3FAD200163BF8 /* SortsMillGoldy */ = {
			isa = PBXGroup;
			children = (
				A8CB07B92CA3FAD200163BF8 /* SortsMillGoudy-Regular.ttf */,
			);
			path = SortsMillGoldy;
			sourceTree = "<group>";
		};
		A8CB07BC2CA3FAD200163BF8 /* Times New  Romans */ = {
			isa = PBXGroup;
			children = (
				A8CB07BB2CA3FAD200163BF8 /* Tinos-Regular.ttf */,
			);
			path = "Times New  Romans";
			sourceTree = "<group>";
		};
		A8CB07BE2CA3FAD200163BF8 /* Volkorn */ = {
			isa = PBXGroup;
			children = (
				A8CB07BD2CA3FAD200163BF8 /* Vollkorn-VariableFont_wght.ttf */,
			);
			path = Volkorn;
			sourceTree = "<group>";
		};
		A8CB07C72CA3FAD200163BF8 /* Resources */ = {
			isa = PBXGroup;
			children = (
				A8CB07A62CA3FAD200163BF8 /* Georgian */,
				A8CB07A82CA3FAD200163BF8 /* Literata */,
				A8CB07AA2CA3FAD200163BF8 /* Merriweather */,
				A8CB07AF2CA3FAD200163BF8 /* New Group */,
				A8CB07B42CA3FAD200163BF8 /* Nunito */,
				A8CB07B62CA3FAD200163BF8 /* OpenSans */,
				A8CB07B82CA3FAD200163BF8 /* Roboto */,
				A8CB07BA2CA3FAD200163BF8 /* SortsMillGoldy */,
				A8CB07BC2CA3FAD200163BF8 /* Times New  Romans */,
				A8CB07BE2CA3FAD200163BF8 /* Volkorn */,
				A8CB07BF2CA3FAD200163BF8 /* ColibrioConfig.xcconfig */,
				A8CB07C02CA3FAD200163BF8 /* CoredataBrain.swift */,
				A8CB07C12CA3FAD200163BF8 /* Extension  + UIView.swift */,
				A8CB07C22CA3FAD200163BF8 /* Extension +  Double.swift */,
				A8CB07C32CA3FAD200163BF8 /* Extension + Textfield.swift */,
				A8CB07C42CA3FAD200163BF8 /* Extension + TimeInterval.swift */,
				A8CB07C52CA3FAD200163BF8 /* Extension + UIDevice.swift */,
				A8CB07C62CA3FAD200163BF8 /* UserShared.swift */,
			);
			path = Resources;
			sourceTree = "<group>";
		};
		A8CB07CA2CA3FAD200163BF8 /* Configurator */ = {
			isa = PBXGroup;
			children = (
				A8CB07C92CA3FAD200163BF8 /* PDFReaderConfigurator.swift */,
			);
			path = Configurator;
			sourceTree = "<group>";
		};
		A8CB07CC2CA3FAD200163BF8 /* Interactor */ = {
			isa = PBXGroup;
			children = (
				A8CB07CB2CA3FAD200163BF8 /* PDFReaderInteractor.swift */,
			);
			path = Interactor;
			sourceTree = "<group>";
		};
		A8CB07CE2CA3FAD200163BF8 /* Presenter */ = {
			isa = PBXGroup;
			children = (
				A8CB07CD2CA3FAD200163BF8 /* PDFReaderPresenter.swift */,
			);
			path = Presenter;
			sourceTree = "<group>";
		};
		A8CB07D02CA3FAD200163BF8 /* View */ = {
			isa = PBXGroup;
			children = (
				A8CB07CF2CA3FAD200163BF8 /* PDFReaderView.swift */,
			);
			path = View;
			sourceTree = "<group>";
		};
		A8CB07D22CA3FAD200163BF8 /* Worker */ = {
			isa = PBXGroup;
			children = (
				A8CB07D12CA3FAD200163BF8 /* PDFReaderWorker.swift */,
			);
			path = Worker;
			sourceTree = "<group>";
		};
		A8CB07D32CA3FAD200163BF8 /* PDFReader */ = {
			isa = PBXGroup;
			children = (
				A8CB07CA2CA3FAD200163BF8 /* Configurator */,
				A8CB07CC2CA3FAD200163BF8 /* Interactor */,
				A8CB07CE2CA3FAD200163BF8 /* Presenter */,
				A8CB07D02CA3FAD200163BF8 /* View */,
				A8CB07D22CA3FAD200163BF8 /* Worker */,
			);
			path = PDFReader;
			sourceTree = "<group>";
		};
		A8CB07D52CA3FAD200163BF8 /* Dowload */ = {
			isa = PBXGroup;
			children = (
				A8CB07D42CA3FAD200163BF8 /* DownloadManager.swift */,
			);
			path = Dowload;
			sourceTree = "<group>";
		};
/* End PBXGroup section */

/* Begin PBXNativeTarget section */
		331C8080294A63A400263BE5 /* RunnerTests */ = {
			isa = PBXNativeTarget;
			buildConfigurationList = 331C8087294A63A400263BE5 /* Build configuration list for PBXNativeTarget "RunnerTests" */;
			buildPhases = (
				331C807D294A63A400263BE5 /* Sources */,
				331C807F294A63A400263BE5 /* Resources */,
			);
			buildRules = (
			);
			dependencies = (
				331C8086294A63A400263BE5 /* PBXTargetDependency */,
			);
			name = RunnerTests;
			productName = RunnerTests;
			productReference = 331C8081294A63A400263BE5 /* RunnerTests.xctest */;
			productType = "com.apple.product-type.bundle.unit-test";
		};
		97C146ED1CF9000F007C117D /* Runner */ = {
			isa = PBXNativeTarget;
			buildConfigurationList = 97C147051CF9000F007C117D /* Build configuration list for PBXNativeTarget "Runner" */;
			buildPhases = (
				6BC73E623A35890DA5D87D9E /* [CP] Check Pods Manifest.lock */,
				9740EEB61CF901F6004384FC /* Run Script */,
				97C146EA1CF9000F007C117D /* Sources */,
				97C146EB1CF9000F007C117D /* Frameworks */,
				97C146EC1CF9000F007C117D /* Resources */,
				9705A1C41CF9048500538489 /* Embed Frameworks */,
				3B06AD1E1E4923F5004D2608 /* Thin Binary */,
				0F17B2B5AC89DC93F995B25A /* [CP] Embed Pods Frameworks */,
			);
			buildRules = (
			);
			dependencies = (
			);
			name = Runner;
			packageProductDependencies = (
				A8EEF6482CBE222C004A4114 /* ColibrioReader */,
				A806FB3B2CE5E52C00DEAFB5 /* Toast */,
			);
			productName = Runner;
			productReference = 97C146EE1CF9000F007C117D /* Runner.app */;
			productType = "com.apple.product-type.application";
		};
/* End PBXNativeTarget section */

/* Begin PBXProject section */
		97C146E61CF9000F007C117D /* Project object */ = {
			isa = PBXProject;
			attributes = {
				BuildIndependentTargetsInParallel = YES;
				LastUpgradeCheck = 1430;
				ORGANIZATIONNAME = "";
				TargetAttributes = {
					331C8080294A63A400263BE5 = {
						CreatedOnToolsVersion = 14.0;
						TestTargetID = 97C146ED1CF9000F007C117D;
					};
					97C146ED1CF9000F007C117D = {
						CreatedOnToolsVersion = 7.3.1;
						LastSwiftMigration = 1100;
					};
				};
			};
			buildConfigurationList = 97C146E91CF9000F007C117D /* Build configuration list for PBXProject "Runner" */;
			compatibilityVersion = "Xcode 13.0";
			developmentRegion = en;
			hasScannedForEncodings = 0;
			knownRegions = (
				en,
				Base,
			);
			mainGroup = 97C146E51CF9000F007C117D;
			packageReferences = (
				A8EEF6472CBE222C004A4114 /* XCRemoteSwiftPackageReference "colibrio-pkg-spm" */,
				A806FB3A2CE5E52C00DEAFB5 /* XCRemoteSwiftPackageReference "Toast" */,
			);
			productRefGroup = 97C146EF1CF9000F007C117D /* Products */;
			projectDirPath = "";
			projectRoot = "";
			targets = (
				97C146ED1CF9000F007C117D /* Runner */,
				331C8080294A63A400263BE5 /* RunnerTests */,
			);
		};
/* End PBXProject section */

/* Begin PBXResourcesBuildPhase section */
		331C807F294A63A400263BE5 /* Resources */ = {
			isa = PBXResourcesBuildPhase;
			buildActionMask = 2147483647;
			files = (
			);
			runOnlyForDeploymentPostprocessing = 0;
		};
		97C146EC1CF9000F007C117D /* Resources */ = {
			isa = PBXResourcesBuildPhase;
			buildActionMask = 2147483647;
			files = (
				A8CB08092CA3FAD200163BF8 /* Nunito-SemiBold.ttf in Resources */,
				A8CB07FF2CA3FAD200163BF8 /* georgia.ttf in Resources */,
				A8CB080F2CA3FAD200163BF8 /* ColibrioConfig.xcconfig in Resources */,
				A8CB08072CA3FAD200163BF8 /* Nunito-Medium.ttf in Resources */,
				A8CB08282CA4120100163BF8 /* Assets.xcassets in Resources */,
				A8CB07FE2CA3FAD200163BF8 /* Runner copy-Info.plist in Resources */,
				97C147011CF9000F007C117D /* LaunchScreen.storyboard in Resources */,
				3B3967161E833CAA004F5970 /* AppFrameworkInfo.plist in Resources */,
				A8CB081E2CA402A400163BF8 /* eperpuslogo.png in Resources */,
				A8CB080D2CA3FAD200163BF8 /* Tinos-Regular.ttf in Resources */,
				A8CB080C2CA3FAD200163BF8 /* SortsMillGoudy-Regular.ttf in Resources */,
				A8CB08082CA3FAD200163BF8 /* Nunito-Regular.ttf in Resources */,
				97C146FE1CF9000F007C117D /* Assets.xcassets in Resources */,
				A8CB08062CA3FAD200163BF8 /* Nunito-Bold.ttf in Resources */,
				A8CB080A2CA3FAD200163BF8 /* OpenSans-Regular.ttf in Resources */,
				A8CB08002CA3FAD200163BF8 /* Literata.ttf in Resources */,
				A8CB080B2CA3FAD200163BF8 /* Roboto-Regular.ttf in Resources */,
				A8CB08012CA3FAD200163BF8 /* Merriweather-Regular.ttf in Resources */,
				A8CB08262CA4115100163BF8 /* GoogleService-Info.plist in Resources */,
				A8CB080E2CA3FAD200163BF8 /* Vollkorn-VariableFont_wght.ttf in Resources */,
				97C146FC1CF9000F007C117D /* Main.storyboard in Resources */,
			);
			runOnlyForDeploymentPostprocessing = 0;
		};
/* End PBXResourcesBuildPhase section */

/* Begin PBXShellScriptBuildPhase section */
		0F17B2B5AC89DC93F995B25A /* [CP] Embed Pods Frameworks */ = {
			isa = PBXShellScriptBuildPhase;
			buildActionMask = 2147483647;
			files = (
			);
			inputFileListPaths = (
				"${PODS_ROOT}/Target Support Files/Pods-Runner/Pods-Runner-frameworks-${CONFIGURATION}-input-files.xcfilelist",
			);
			name = "[CP] Embed Pods Frameworks";
			outputFileListPaths = (
				"${PODS_ROOT}/Target Support Files/Pods-Runner/Pods-Runner-frameworks-${CONFIGURATION}-output-files.xcfilelist",
			);
			runOnlyForDeploymentPostprocessing = 0;
			shellPath = /bin/sh;
			shellScript = "\"${PODS_ROOT}/Target Support Files/Pods-Runner/Pods-Runner-frameworks.sh\"\n";
			showEnvVarsInLog = 0;
		};
		3B06AD1E1E4923F5004D2608 /* Thin Binary */ = {
			isa = PBXShellScriptBuildPhase;
			alwaysOutOfDate = 1;
			buildActionMask = 2147483647;
			files = (
			);
			inputPaths = (
				"${TARGET_BUILD_DIR}/${INFOPLIST_PATH}",
			);
			name = "Thin Binary";
			outputPaths = (
			);
			runOnlyForDeploymentPostprocessing = 0;
			shellPath = /bin/sh;
			shellScript = "/bin/sh \"$FLUTTER_ROOT/packages/flutter_tools/bin/xcode_backend.sh\" embed_and_thin";
		};
		6BC73E623A35890DA5D87D9E /* [CP] Check Pods Manifest.lock */ = {
			isa = PBXShellScriptBuildPhase;
			buildActionMask = 2147483647;
			files = (
			);
			inputFileListPaths = (
			);
			inputPaths = (
				"${PODS_PODFILE_DIR_PATH}/Podfile.lock",
				"${PODS_ROOT}/Manifest.lock",
			);
			name = "[CP] Check Pods Manifest.lock";
			outputFileListPaths = (
			);
			outputPaths = (
				"$(DERIVED_FILE_DIR)/Pods-Runner-checkManifestLockResult.txt",
			);
			runOnlyForDeploymentPostprocessing = 0;
			shellPath = /bin/sh;
			shellScript = "diff \"${PODS_PODFILE_DIR_PATH}/Podfile.lock\" \"${PODS_ROOT}/Manifest.lock\" > /dev/null\nif [ $? != 0 ] ; then\n    # print error to STDERR\n    echo \"error: The sandbox is not in sync with the Podfile.lock. Run 'pod install' or update your CocoaPods installation.\" >&2\n    exit 1\nfi\n# This output is used by Xcode 'outputs' to avoid re-running this script phase.\necho \"SUCCESS\" > \"${SCRIPT_OUTPUT_FILE_0}\"\n";
			showEnvVarsInLog = 0;
		};
		9740EEB61CF901F6004384FC /* Run Script */ = {
			isa = PBXShellScriptBuildPhase;
			alwaysOutOfDate = 1;
			buildActionMask = 2147483647;
			files = (
			);
			inputPaths = (
			);
			name = "Run Script";
			outputPaths = (
			);
			runOnlyForDeploymentPostprocessing = 0;
			shellPath = /bin/sh;
			shellScript = "/bin/sh \"$FLUTTER_ROOT/packages/flutter_tools/bin/xcode_backend.sh\" build";
		};
/* End PBXShellScriptBuildPhase section */

/* Begin PBXSourcesBuildPhase section */
		331C807D294A63A400263BE5 /* Sources */ = {
			isa = PBXSourcesBuildPhase;
			buildActionMask = 2147483647;
			files = (
				331C808B294A63AB00263BE5 /* RunnerTests.swift in Sources */,
			);
			runOnlyForDeploymentPostprocessing = 0;
		};
		97C146EA1CF9000F007C117D /* Sources */ = {
			isa = PBXSourcesBuildPhase;
			buildActionMask = 2147483647;
			files = (
				A8CB07D92CA3FAD200163BF8 /* Extension + Alert.swift in Sources */,
				A8CB08182CA3FAD200163BF8 /* PDFReaderInteractor.swift in Sources */,
				A8CB07D82CA3FAD200163BF8 /* Extension  + Bundle.swift in Sources */,
				A8CB07E52CA3FAD200163BF8 /* Book+CoreDataProperties.swift in Sources */,
				A8CB07F52CA3FAD200163BF8 /* ReaderPresenter.swift in Sources */,
				A8CB08102CA3FAD200163BF8 /* CoredataBrain.swift in Sources */,
				A8CB07F82CA3FAD200163BF8 /* Extension + ReaderView.swift in Sources */,
				A8CB07E72CA3FAD200163BF8 /* Bookmark+CoreDataProperties.swift in Sources */,
				A8CB08132CA3FAD200163BF8 /* Extension + Textfield.swift in Sources */,
				A8CB07E62CA3FAD200163BF8 /* Bookmark+CoreDataClass.swift in Sources */,
				A8CB07FA2CA3FAD200163BF8 /* ReaderView.swift in Sources */,
				A8CB08032CA3FAD200163BF8 /* Eperpus.xcdatamodeld in Sources */,
				A8CB07F22CA3FAD200163BF8 /* ReaderConfigurator.swift in Sources */,
				A8CB07DC2CA3FAD200163BF8 /* Extension + UIColor.swift in Sources */,
				A8CB07FB2CA3FAD200163BF8 /* SearchViewController.swift in Sources */,
				A8CB07F42CA3FAD200163BF8 /* ReaderInteractor.swift in Sources */,
				A8CB07D72CA3FAD200163BF8 /* DocumentPicker.swift in Sources */,
				A8CB07EA2CA3FAD200163BF8 /* Highlight+CoreDataClass.swift in Sources */,
				A8CB07EB2CA3FAD200163BF8 /* Highlight+CoreDataProperties.swift in Sources */,
				A8CB07E22CA3FAD200163BF8 /* ReaderViewOnSelectionChangedListener.swift in Sources */,
				A8CB07FC2CA3FAD200163BF8 /* SettingReaderViewController.swift in Sources */,
				A8CB07FD2CA3FAD200163BF8 /* TableOfContents.swift in Sources */,
				A8CB07F92CA3FAD200163BF8 /* FootnoteViewController.swift in Sources */,
				A8CB08112CA3FAD200163BF8 /* Extension  + UIView.swift in Sources */,
				A8CB08192CA3FAD200163BF8 /* PDFReaderPresenter.swift in Sources */,
				A8CB07F72CA3FAD200163BF8 /* ContentMenuViewController.swift in Sources */,
				A8CB07E12CA3FAD200163BF8 /* ReaderListener.swift in Sources */,
				A8CB07EC2CA3FAD200163BF8 /* NavigationItem.swift in Sources */,
				A8CB07ED2CA3FAD200163BF8 /* RecordedResponse.swift in Sources */,
				A8CB08162CA3FAD200163BF8 /* UserShared.swift in Sources */,
				A8CB08142CA3FAD200163BF8 /* Extension + TimeInterval.swift in Sources */,
				A8CB08122CA3FAD200163BF8 /* Extension +  Double.swift in Sources */,
				74858FAF1ED2DC5600515810 /* AppDelegate.swift in Sources */,
				A8CB08052CA3FAD200163BF8 /* Nyoba.swift in Sources */,
				A8CB07F12CA3FAD200163BF8 /* FontFamilyCell.swift in Sources */,
				A8CB07E42CA3FAD200163BF8 /* Book+CoreDataClass.swift in Sources */,
				A8CB08042CA3FAD200163BF8 /* NetworkManager.swift in Sources */,
				A8CB07E02CA3FAD200163BF8 /* Url + PublicationTyoe.swift in Sources */,
				A8CB07F32CA3FAD200163BF8 /* BookManager.swift in Sources */,
				A8CB07DF2CA3FAD200163BF8 /* ReaderPublicationContent.swift in Sources */,
				A8CB081A2CA3FAD200163BF8 /* PDFReaderView.swift in Sources */,
				A8CB08022CA3FAD200163BF8 /* DummyReader.swift in Sources */,
				A8CB07E82CA3FAD200163BF8 /* FontFamilyStyle.swift in Sources */,
				A8CB08152CA3FAD200163BF8 /* Extension + UIDevice.swift in Sources */,
				A8CB07DE2CA3FAD200163BF8 /* Extension + UIScreen.swift in Sources */,
				A8CB08172CA3FAD200163BF8 /* PDFReaderConfigurator.swift in Sources */,
				A8CB07EE2CA3FAD200163BF8 /* RecordParameter.swift in Sources */,
				A8CB07EF2CA3FAD200163BF8 /* RecordParameterEpp.swift in Sources */,
				A8CB07D62CA3FAD200163BF8 /* CreateButton.swift in Sources */,
				1498D2341E8E89220040F4C2 /* GeneratedPluginRegistrant.m in Sources */,
				A8CB07DA2CA3FAD200163BF8 /* Extension + Data.swift in Sources */,
				A8CB07DD2CA3FAD200163BF8 /* Extension + UIFont.swift in Sources */,
				A8CB07E92CA3FAD200163BF8 /* GetMetakey.swift in Sources */,
				A8CB07F02CA3FAD200163BF8 /* BookMarkTableViewCell.swift in Sources */,
				A8CB07F62CA3FAD200163BF8 /* ReaderWorker.swift in Sources */,
				A8CB081C2CA3FAD200163BF8 /* DownloadManager.swift in Sources */,
				A8CB07E32CA3FAD200163BF8 /* ReaderViewOnVisibleContentChangedListener.swift in Sources */,
				A8CB07DB2CA3FAD200163BF8 /* Extension + UIButton.swift in Sources */,
				A8CB081B2CA3FAD200163BF8 /* PDFReaderWorker.swift in Sources */,
			);
			runOnlyForDeploymentPostprocessing = 0;
		};
/* End PBXSourcesBuildPhase section */

/* Begin PBXTargetDependency section */
		331C8086294A63A400263BE5 /* PBXTargetDependency */ = {
			isa = PBXTargetDependency;
			target = 97C146ED1CF9000F007C117D /* Runner */;
			targetProxy = 331C8085294A63A400263BE5 /* PBXContainerItemProxy */;
		};
/* End PBXTargetDependency section */

/* Begin PBXVariantGroup section */
		97C146FA1CF9000F007C117D /* Main.storyboard */ = {
			isa = PBXVariantGroup;
			children = (
				97C146FB1CF9000F007C117D /* Base */,
			);
			name = Main.storyboard;
			sourceTree = "<group>";
		};
		97C146FF1CF9000F007C117D /* LaunchScreen.storyboard */ = {
			isa = PBXVariantGroup;
			children = (
				97C147001CF9000F007C117D /* Base */,
			);
			name = LaunchScreen.storyboard;
			sourceTree = "<group>";
		};
/* End PBXVariantGroup section */

/* Begin XCBuildConfiguration section */
		249021D3217E4FDB00AE95B9 /* Profile */ = {
			isa = XCBuildConfiguration;
			baseConfigurationReference = A8CB07BF2CA3FAD200163BF8 /* ColibrioConfig.xcconfig */;
			buildSettings = {
				ALWAYS_SEARCH_USER_PATHS = NO;
				CLANG_ANALYZER_NONNULL = YES;
				CLANG_CXX_LANGUAGE_STANDARD = "gnu++0x";
				CLANG_CXX_LIBRARY = "libc++";
				CLANG_ENABLE_MODULES = YES;
				CLANG_ENABLE_OBJC_ARC = YES;
				CLANG_WARN_BLOCK_CAPTURE_AUTORELEASING = YES;
				CLANG_WARN_BOOL_CONVERSION = YES;
				CLANG_WARN_COMMA = YES;
				CLANG_WARN_CONSTANT_CONVERSION = YES;
				CLANG_WARN_DEPRECATED_OBJC_IMPLEMENTATIONS = YES;
				CLANG_WARN_DIRECT_OBJC_ISA_USAGE = YES_ERROR;
				CLANG_WARN_EMPTY_BODY = YES;
				CLANG_WARN_ENUM_CONVERSION = YES;
				CLANG_WARN_INFINITE_RECURSION = YES;
				CLANG_WARN_INT_CONVERSION = YES;
				CLANG_WARN_NON_LITERAL_NULL_CONVERSION = YES;
				CLANG_WARN_OBJC_IMPLICIT_RETAIN_SELF = YES;
				CLANG_WARN_OBJC_LITERAL_CONVERSION = YES;
				CLANG_WARN_OBJC_ROOT_CLASS = YES_ERROR;
				CLANG_WARN_RANGE_LOOP_ANALYSIS = YES;
				CLANG_WARN_STRICT_PROTOTYPES = YES;
				CLANG_WARN_SUSPICIOUS_MOVE = YES;
				CLANG_WARN_UNREACHABLE_CODE = YES;
				CLANG_WARN__DUPLICATE_METHOD_MATCH = YES;
				"CODE_SIGN_IDENTITY[sdk=iphoneos*]" = "iPhone Developer";
				COPY_PHASE_STRIP = NO;
				DEBUG_INFORMATION_FORMAT = "dwarf-with-dsym";
				ENABLE_NS_ASSERTIONS = NO;
				ENABLE_STRICT_OBJC_MSGSEND = YES;
				GCC_C_LANGUAGE_STANDARD = gnu99;
				GCC_NO_COMMON_BLOCKS = YES;
				GCC_WARN_64_TO_32_BIT_CONVERSION = YES;
				GCC_WARN_ABOUT_RETURN_TYPE = YES_ERROR;
				GCC_WARN_UNDECLARED_SELECTOR = YES;
				GCC_WARN_UNINITIALIZED_AUTOS = YES_AGGRESSIVE;
				GCC_WARN_UNUSED_FUNCTION = YES;
				GCC_WARN_UNUSED_VARIABLE = YES;
				IPHONEOS_DEPLOYMENT_TARGET = 13.0;
				MTL_ENABLE_DEBUG_INFO = NO;
				SDKROOT = iphoneos;
				SUPPORTED_PLATFORMS = iphoneos;
				TARGETED_DEVICE_FAMILY = "1,2";
				VALIDATE_PRODUCT = YES;
			};
			name = Profile;
		};
		249021D4217E4FDB00AE95B9 /* Profile */ = {
			isa = XCBuildConfiguration;
			baseConfigurationReference = 7AFA3C8E1D35360C0083082E /* Release.xcconfig */;
			buildSettings = {
				ASSETCATALOG_COMPILER_APPICON_NAME = "AppIcon-ursula";
				CLANG_ENABLE_MODULES = YES;
				CURRENT_PROJECT_VERSION = "$(FLUTTER_BUILD_NUMBER)";
				DEVELOPMENT_TEAM = HNKY6S7CUD;
				ENABLE_BITCODE = NO;
				INFOPLIST_FILE = Runner/Info.plist;
				INFOPLIST_KEY_CFBundleDisplayName = "elib sanurbsd";
				INFOPLIST_KEY_LSApplicationCategoryType = "public.app-category.books";
				LD_RUNPATH_SEARCH_PATHS = (
					"$(inherited)",
					"@executable_path/Frameworks",
				);
				MARKETING_VERSION = 3.0.4;
				PRODUCT_BUNDLE_IDENTIFIER = "com.appsfoundry.eperpuswl.id.elib-sanurbsdE";
				PRODUCT_NAME = "$(TARGET_NAME)";
				SWIFT_OBJC_BRIDGING_HEADER = "Runner/Runner-Bridging-Header.h";
				SWIFT_VERSION = 5.0;
				VERSIONING_SYSTEM = "apple-generic";
			};
			name = Profile;
		};
		331C8088294A63A400263BE5 /* Debug */ = {
			isa = XCBuildConfiguration;
			buildSettings = {
				BUNDLE_LOADER = "$(TEST_HOST)";
				CODE_SIGN_STYLE = Automatic;
				CURRENT_PROJECT_VERSION = 1;
				GENERATE_INFOPLIST_FILE = YES;
				MARKETING_VERSION = 1.0;
				PRODUCT_BUNDLE_IDENTIFIER = com.appsfoundry.eperpuswl.id.revampEperpusMobile.RunnerTests;
				PRODUCT_NAME = "$(TARGET_NAME)";
				SWIFT_ACTIVE_COMPILATION_CONDITIONS = DEBUG;
				SWIFT_OPTIMIZATION_LEVEL = "-Onone";
				SWIFT_VERSION = 5.0;
				TEST_HOST = "$(BUILT_PRODUCTS_DIR)/Runner.app/$(BUNDLE_EXECUTABLE_FOLDER_PATH)/Runner";
			};
			name = Debug;
		};
		331C8089294A63A400263BE5 /* Release */ = {
			isa = XCBuildConfiguration;
			buildSettings = {
				BUNDLE_LOADER = "$(TEST_HOST)";
				CODE_SIGN_STYLE = Automatic;
				CURRENT_PROJECT_VERSION = 1;
				GENERATE_INFOPLIST_FILE = YES;
				MARKETING_VERSION = 1.0;
				PRODUCT_BUNDLE_IDENTIFIER = com.appsfoundry.eperpuswl.id.revampEperpusMobile.RunnerTests;
				PRODUCT_NAME = "$(TARGET_NAME)";
				SWIFT_VERSION = 5.0;
				TEST_HOST = "$(BUILT_PRODUCTS_DIR)/Runner.app/$(BUNDLE_EXECUTABLE_FOLDER_PATH)/Runner";
			};
			name = Release;
		};
		331C808A294A63A400263BE5 /* Profile */ = {
			isa = XCBuildConfiguration;
			buildSettings = {
				BUNDLE_LOADER = "$(TEST_HOST)";
				CODE_SIGN_STYLE = Automatic;
				CURRENT_PROJECT_VERSION = 1;
				GENERATE_INFOPLIST_FILE = YES;
				MARKETING_VERSION = 1.0;
				PRODUCT_BUNDLE_IDENTIFIER = com.appsfoundry.eperpuswl.id.revampEperpusMobile.RunnerTests;
				PRODUCT_NAME = "$(TARGET_NAME)";
				SWIFT_VERSION = 5.0;
				TEST_HOST = "$(BUILT_PRODUCTS_DIR)/Runner.app/$(BUNDLE_EXECUTABLE_FOLDER_PATH)/Runner";
			};
			name = Profile;
		};
		97C147031CF9000F007C117D /* Debug */ = {
			isa = XCBuildConfiguration;
			baseConfigurationReference = A8CB07BF2CA3FAD200163BF8 /* ColibrioConfig.xcconfig */;
			buildSettings = {
				ALWAYS_SEARCH_USER_PATHS = NO;
				CLANG_ANALYZER_NONNULL = YES;
				CLANG_CXX_LANGUAGE_STANDARD = "gnu++0x";
				CLANG_CXX_LIBRARY = "libc++";
				CLANG_ENABLE_MODULES = YES;
				CLANG_ENABLE_OBJC_ARC = YES;
				CLANG_WARN_BLOCK_CAPTURE_AUTORELEASING = YES;
				CLANG_WARN_BOOL_CONVERSION = YES;
				CLANG_WARN_COMMA = YES;
				CLANG_WARN_CONSTANT_CONVERSION = YES;
				CLANG_WARN_DEPRECATED_OBJC_IMPLEMENTATIONS = YES;
				CLANG_WARN_DIRECT_OBJC_ISA_USAGE = YES_ERROR;
				CLANG_WARN_EMPTY_BODY = YES;
				CLANG_WARN_ENUM_CONVERSION = YES;
				CLANG_WARN_INFINITE_RECURSION = YES;
				CLANG_WARN_INT_CONVERSION = YES;
				CLANG_WARN_NON_LITERAL_NULL_CONVERSION = YES;
				CLANG_WARN_OBJC_IMPLICIT_RETAIN_SELF = YES;
				CLANG_WARN_OBJC_LITERAL_CONVERSION = YES;
				CLANG_WARN_OBJC_ROOT_CLASS = YES_ERROR;
				CLANG_WARN_RANGE_LOOP_ANALYSIS = YES;
				CLANG_WARN_STRICT_PROTOTYPES = YES;
				CLANG_WARN_SUSPICIOUS_MOVE = YES;
				CLANG_WARN_UNREACHABLE_CODE = YES;
				CLANG_WARN__DUPLICATE_METHOD_MATCH = YES;
				"CODE_SIGN_IDENTITY[sdk=iphoneos*]" = "iPhone Developer";
				COPY_PHASE_STRIP = NO;
				DEBUG_INFORMATION_FORMAT = dwarf;
				ENABLE_STRICT_OBJC_MSGSEND = YES;
				ENABLE_TESTABILITY = YES;
				GCC_C_LANGUAGE_STANDARD = gnu99;
				GCC_DYNAMIC_NO_PIC = NO;
				GCC_NO_COMMON_BLOCKS = YES;
				GCC_OPTIMIZATION_LEVEL = 0;
				GCC_PREPROCESSOR_DEFINITIONS = (
					"DEBUG=1",
					"$(inherited)",
				);
				GCC_WARN_64_TO_32_BIT_CONVERSION = YES;
				GCC_WARN_ABOUT_RETURN_TYPE = YES_ERROR;
				GCC_WARN_UNDECLARED_SELECTOR = YES;
				GCC_WARN_UNINITIALIZED_AUTOS = YES_AGGRESSIVE;
				GCC_WARN_UNUSED_FUNCTION = YES;
				GCC_WARN_UNUSED_VARIABLE = YES;
				IPHONEOS_DEPLOYMENT_TARGET = 13.0;
				MTL_ENABLE_DEBUG_INFO = YES;
				ONLY_ACTIVE_ARCH = YES;
				SDKROOT = iphoneos;
				TARGETED_DEVICE_FAMILY = "1,2";
			};
			name = Debug;
		};
		97C147041CF9000F007C117D /* Release */ = {
			isa = XCBuildConfiguration;
			baseConfigurationReference = A8CB07BF2CA3FAD200163BF8 /* ColibrioConfig.xcconfig */;
			buildSettings = {
				ALWAYS_SEARCH_USER_PATHS = NO;
				CLANG_ANALYZER_NONNULL = YES;
				CLANG_CXX_LANGUAGE_STANDARD = "gnu++0x";
				CLANG_CXX_LIBRARY = "libc++";
				CLANG_ENABLE_MODULES = YES;
				CLANG_ENABLE_OBJC_ARC = YES;
				CLANG_WARN_BLOCK_CAPTURE_AUTORELEASING = YES;
				CLANG_WARN_BOOL_CONVERSION = YES;
				CLANG_WARN_COMMA = YES;
				CLANG_WARN_CONSTANT_CONVERSION = YES;
				CLANG_WARN_DEPRECATED_OBJC_IMPLEMENTATIONS = YES;
				CLANG_WARN_DIRECT_OBJC_ISA_USAGE = YES_ERROR;
				CLANG_WARN_EMPTY_BODY = YES;
				CLANG_WARN_ENUM_CONVERSION = YES;
				CLANG_WARN_INFINITE_RECURSION = YES;
				CLANG_WARN_INT_CONVERSION = YES;
				CLANG_WARN_NON_LITERAL_NULL_CONVERSION = YES;
				CLANG_WARN_OBJC_IMPLICIT_RETAIN_SELF = YES;
				CLANG_WARN_OBJC_LITERAL_CONVERSION = YES;
				CLANG_WARN_OBJC_ROOT_CLASS = YES_ERROR;
				CLANG_WARN_RANGE_LOOP_ANALYSIS = YES;
				CLANG_WARN_STRICT_PROTOTYPES = YES;
				CLANG_WARN_SUSPICIOUS_MOVE = YES;
				CLANG_WARN_UNREACHABLE_CODE = YES;
				CLANG_WARN__DUPLICATE_METHOD_MATCH = YES;
				"CODE_SIGN_IDENTITY[sdk=iphoneos*]" = "iPhone Developer";
				COPY_PHASE_STRIP = NO;
				DEBUG_INFORMATION_FORMAT = "dwarf-with-dsym";
				ENABLE_NS_ASSERTIONS = NO;
				ENABLE_STRICT_OBJC_MSGSEND = YES;
				GCC_C_LANGUAGE_STANDARD = gnu99;
				GCC_NO_COMMON_BLOCKS = YES;
				GCC_WARN_64_TO_32_BIT_CONVERSION = YES;
				GCC_WARN_ABOUT_RETURN_TYPE = YES_ERROR;
				GCC_WARN_UNDECLARED_SELECTOR = YES;
				GCC_WARN_UNINITIALIZED_AUTOS = YES_AGGRESSIVE;
				GCC_WARN_UNUSED_FUNCTION = YES;
				GCC_WARN_UNUSED_VARIABLE = YES;
				IPHONEOS_DEPLOYMENT_TARGET = 13.0;
				MTL_ENABLE_DEBUG_INFO = NO;
				SDKROOT = iphoneos;
				SUPPORTED_PLATFORMS = iphoneos;
				SWIFT_COMPILATION_MODE = wholemodule;
				SWIFT_OPTIMIZATION_LEVEL = "-O";
				TARGETED_DEVICE_FAMILY = "1,2";
				VALIDATE_PRODUCT = YES;
			};
			name = Release;
		};
		97C147061CF9000F007C117D /* Debug */ = {
			isa = XCBuildConfiguration;
			baseConfigurationReference = 9740EEB21CF90195004384FC /* Debug.xcconfig */;
			buildSettings = {
				ASSETCATALOG_COMPILER_APPICON_NAME = "AppIcon-ursula";
				CLANG_ENABLE_MODULES = YES;
				CURRENT_PROJECT_VERSION = "$(FLUTTER_BUILD_NUMBER)";
				DEVELOPMENT_TEAM = HNKY6S7CUD;
				ENABLE_BITCODE = NO;
				INFOPLIST_FILE = Runner/Info.plist;
				INFOPLIST_KEY_CFBundleDisplayName = "elib sanurbsd";
				INFOPLIST_KEY_LSApplicationCategoryType = "public.app-category.books";
				LD_RUNPATH_SEARCH_PATHS = (
					"$(inherited)",
					"@executable_path/Frameworks",
				);
				MARKETING_VERSION = 3.0.4;
				PRODUCT_BUNDLE_IDENTIFIER = "com.appsfoundry.eperpuswl.id.elib-sanurbsdE";
				PRODUCT_NAME = "$(TARGET_NAME)";
				SWIFT_OBJC_BRIDGING_HEADER = "Runner/Runner-Bridging-Header.h";
				SWIFT_OPTIMIZATION_LEVEL = "-Onone";
				SWIFT_VERSION = 5.0;
				VERSIONING_SYSTEM = "apple-generic";
			};
			name = Debug;
		};
		97C147071CF9000F007C117D /* Release */ = {
			isa = XCBuildConfiguration;
			baseConfigurationReference = 7AFA3C8E1D35360C0083082E /* Release.xcconfig */;
			buildSettings = {
				ASSETCATALOG_COMPILER_APPICON_NAME = "AppIcon-ursula";
				CLANG_ENABLE_MODULES = YES;
				CURRENT_PROJECT_VERSION = "$(FLUTTER_BUILD_NUMBER)";
				DEVELOPMENT_TEAM = HNKY6S7CUD;
				ENABLE_BITCODE = NO;
				INFOPLIST_FILE = Runner/Info.plist;
				INFOPLIST_KEY_CFBundleDisplayName = "elib sanurbsd";
				INFOPLIST_KEY_LSApplicationCategoryType = "public.app-category.books";
				LD_RUNPATH_SEARCH_PATHS = (
					"$(inherited)",
					"@executable_path/Frameworks",
				);
				MARKETING_VERSION = 3.0.4;
				PRODUCT_BUNDLE_IDENTIFIER = "com.appsfoundry.eperpuswl.id.elib-sanurbsdE";
				PRODUCT_NAME = "$(TARGET_NAME)";
				SWIFT_OBJC_BRIDGING_HEADER = "Runner/Runner-Bridging-Header.h";
				SWIFT_VERSION = 5.0;
				VERSIONING_SYSTEM = "apple-generic";
			};
			name = Release;
		};
/* End XCBuildConfiguration section */

/* Begin XCConfigurationList section */
		331C8087294A63A400263BE5 /* Build configuration list for PBXNativeTarget "RunnerTests" */ = {
			isa = XCConfigurationList;
			buildConfigurations = (
				331C8088294A63A400263BE5 /* Debug */,
				331C8089294A63A400263BE5 /* Release */,
				331C808A294A63A400263BE5 /* Profile */,
			);
			defaultConfigurationIsVisible = 0;
			defaultConfigurationName = Release;
		};
		97C146E91CF9000F007C117D /* Build configuration list for PBXProject "Runner" */ = {
			isa = XCConfigurationList;
			buildConfigurations = (
				97C147031CF9000F007C117D /* Debug */,
				97C147041CF9000F007C117D /* Release */,
				249021D3217E4FDB00AE95B9 /* Profile */,
			);
			defaultConfigurationIsVisible = 0;
			defaultConfigurationName = Release;
		};
		97C147051CF9000F007C117D /* Build configuration list for PBXNativeTarget "Runner" */ = {
			isa = XCConfigurationList;
			buildConfigurations = (
				97C147061CF9000F007C117D /* Debug */,
				97C147071CF9000F007C117D /* Release */,
				249021D4217E4FDB00AE95B9 /* Profile */,
			);
			defaultConfigurationIsVisible = 0;
			defaultConfigurationName = Release;
		};
/* End XCConfigurationList section */

/* Begin XCRemoteSwiftPackageReference section */
		A806FB3A2CE5E52C00DEAFB5 /* XCRemoteSwiftPackageReference "Toast" */ = {
			isa = XCRemoteSwiftPackageReference;
			repositoryURL = "https://github.com/hengyu/Toast.git";
			requirement = {
				kind = upToNextMajorVersion;
				minimumVersion = 2.0.0;
			};
		};
		A8EEF6472CBE222C004A4114 /* XCRemoteSwiftPackageReference "colibrio-pkg-spm" */ = {
			isa = XCRemoteSwiftPackageReference;
			repositoryURL = "https://bitbucket.org/colibrio/colibrio-pkg-spm.git";
			requirement = {
				kind = exactVersion;
				version = 3.9.0;
			};
		};
/* End XCRemoteSwiftPackageReference section */

/* Begin XCSwiftPackageProductDependency section */
		A806FB3B2CE5E52C00DEAFB5 /* Toast */ = {
			isa = XCSwiftPackageProductDependency;
			package = A806FB3A2CE5E52C00DEAFB5 /* XCRemoteSwiftPackageReference "Toast" */;
			productName = Toast;
		};
		A8EEF6482CBE222C004A4114 /* ColibrioReader */ = {
			isa = XCSwiftPackageProductDependency;
			package = A8EEF6472CBE222C004A4114 /* XCRemoteSwiftPackageReference "colibrio-pkg-spm" */;
			productName = ColibrioReader;
		};
/* End XCSwiftPackageProductDependency section */

/* Begin XCVersionGroup section */
		A8CB07AC2CA3FAD200163BF8 /* Eperpus.xcdatamodeld */ = {
			isa = XCVersionGroup;
			children = (
				A8CB07C82CA3FAD200163BF8 /* Eperpus.xcdatamodel */,
			);
			currentVersion = A8CB07C82CA3FAD200163BF8 /* Eperpus.xcdatamodel */;
			name = Eperpus.xcdatamodeld;
			path = "/Users/dwikigramedia/Documents/GitHub/revamp_eperpus_mobile/ios/Runner/Resources/New Group/Eperpus.xcdatamodeld";
			sourceTree = "<group>";
			versionGroupType = wrapper.xcdatamodel;
		};
/* End XCVersionGroup section */
	};
	rootObject = 97C146E61CF9000F007C117D /* Project object */;
}
