{
  "originHash" : "e2adb9ea325b6ed15fce62a79d83384e4dc99b6ac633d174d33bb05c135e10ac",
  "pins" : [
    {
      "identity" : "colibrio-pkg-spm",
      "kind" : "remoteSourceControl",
      "location" : "https://bitbucket.org/colibrio/colibrio-pkg-spm.git",
      "state" : {
        "revision" : "ae9d625bdbf00e73abb53a17c3517adfb55311c4",
        "version" : "3.10.0"
      }
    },
    {
      "identity" : "toast",
      "kind" : "remoteSourceControl",
      "location" : "https://github.com/hengyu/Toast.git",
      "state" : {
        "revision" : "980bcb085bbed77b8035f14e07611e66e739134a",
        "version" : "2.0.0"
      }
    }
  ],
  "version" : 3
}
